
Microsoft Visual Studio Solution File, Format Version 12.00
# Visual Studio Version 17
VisualStudioVersion = 17.14.36310.24
MinimumVisualStudioVersion = 10.0.40219.1
Project("{FAE04EC0-301F-11D3-BF4B-00C04F79EFBC}") = "Shoply_Server_Side", "Shoply_Server_Side\Shoply_Server_Side.csproj", "{B52AF947-D17E-450D-8D4A-E0D7FC745B34}"
EndProject
Project("{FAE04EC0-301F-11D3-BF4B-00C04F79EFBC}") = "Shoply_Model", "Shoply_Model\Shoply_Model.csproj", "{100FE6F4-E282-44B4-80BD-AB0FCCA5BF37}"
EndProject
Project("{FAE04EC0-301F-11D3-BF4B-00C04F79EFBC}") = "Shoply_Service", "Shoply_Service\Shoply_Service.csproj", "{4E0CE1A3-72E6-46BF-8BC4-5C03EE4293BE}"
EndProject
Project("{FAE04EC0-301F-11D3-BF4B-00C04F79EFBC}") = "Shoply_Data_Access", "Shoply_Data_Access\Shoply_Data_Access.csproj", "{56785B0B-F7ED-4D31-909B-B4E539F5CDCE}"
EndProject
Global
	GlobalSection(SolutionConfigurationPlatforms) = preSolution
		Debug|Any CPU = Debug|Any CPU
		Release|Any CPU = Release|Any CPU
	EndGlobalSection
	GlobalSection(ProjectConfigurationPlatforms) = postSolution
		{B52AF947-D17E-450D-8D4A-E0D7FC745B34}.Debug|Any CPU.ActiveCfg = Debug|Any CPU
		{B52AF947-D17E-450D-8D4A-E0D7FC745B34}.Debug|Any CPU.Build.0 = Debug|Any CPU
		{B52AF947-D17E-450D-8D4A-E0D7FC745B34}.Release|Any CPU.ActiveCfg = Release|Any CPU
		{B52AF947-D17E-450D-8D4A-E0D7FC745B34}.Release|Any CPU.Build.0 = Release|Any CPU
		{100FE6F4-E282-44B4-80BD-AB0FCCA5BF37}.Debug|Any CPU.ActiveCfg = Debug|Any CPU
		{100FE6F4-E282-44B4-80BD-AB0FCCA5BF37}.Debug|Any CPU.Build.0 = Debug|Any CPU
		{100FE6F4-E282-44B4-80BD-AB0FCCA5BF37}.Release|Any CPU.ActiveCfg = Release|Any CPU
		{100FE6F4-E282-44B4-80BD-AB0FCCA5BF37}.Release|Any CPU.Build.0 = Release|Any CPU
		{4E0CE1A3-72E6-46BF-8BC4-5C03EE4293BE}.Debug|Any CPU.ActiveCfg = Debug|Any CPU
		{4E0CE1A3-72E6-46BF-8BC4-5C03EE4293BE}.Debug|Any CPU.Build.0 = Debug|Any CPU
		{4E0CE1A3-72E6-46BF-8BC4-5C03EE4293BE}.Release|Any CPU.ActiveCfg = Release|Any CPU
		{4E0CE1A3-72E6-46BF-8BC4-5C03EE4293BE}.Release|Any CPU.Build.0 = Release|Any CPU
		{56785B0B-F7ED-4D31-909B-B4E539F5CDCE}.Debug|Any CPU.ActiveCfg = Debug|Any CPU
		{56785B0B-F7ED-4D31-909B-B4E539F5CDCE}.Debug|Any CPU.Build.0 = Debug|Any CPU
		{56785B0B-F7ED-4D31-909B-B4E539F5CDCE}.Release|Any CPU.ActiveCfg = Release|Any CPU
		{56785B0B-F7ED-4D31-909B-B4E539F5CDCE}.Release|Any CPU.Build.0 = Release|Any CPU
	EndGlobalSection
	GlobalSection(SolutionProperties) = preSolution
		HideSolutionNode = FALSE
	EndGlobalSection
	GlobalSection(ExtensibilityGlobals) = postSolution
		SolutionGuid = {2EDBF0FE-CA54-4A42-B390-8B957CB03CFE}
	EndGlobalSection
EndGlobal
